
Microsoft Visual Studio Solution File, Format Version 12.00
# Visual Studio Version 17
VisualStudioVersion = 17.1.32328.378
MinimumVisualStudioVersion = 10.0.40219.1
Project("{FAE04EC0-301F-11D3-BF4B-00C04F79EFBC}") = "GameProject", "GameProject.csproj", "{B1420F9E-914B-4A87-902C-34282373BF3E}"
EndProject
Global
	GlobalSection(SolutionConfigurationPlatforms) = preSolution
		Debug|Any CPU = Debug|Any CPU
		Release|Any CPU = Release|Any CPU
	EndGlobalSection
	GlobalSection(ProjectConfigurationPlatforms) = postSolution
		{B1420F9E-914B-4A87-902C-34282373BF3E}.Debug|Any CPU.ActiveCfg = Debug|Any CPU
		{B1420F9E-914B-4A87-902C-34282373BF3E}.Debug|Any CPU.Build.0 = Debug|Any CPU
		{B1420F9E-914B-4A87-902C-34282373BF3E}.Release|Any CPU.ActiveCfg = Release|Any CPU
		{B1420F9E-914B-4A87-902C-34282373BF3E}.Release|Any CPU.Build.0 = Release|Any CPU
	EndGlobalSection
	GlobalSection(SolutionProperties) = preSolution
		HideSolutionNode = FALSE
	EndGlobalSection
	GlobalSection(ExtensibilityGlobals) = postSolution
		SolutionGuid = {1AA7E996-44A2-45D1-B303-4C6A8B651737}
	EndGlobalSection
EndGlobal
